
Microsoft Visual Studio Solution File, Format Version 12.00
# Visual Studio 14
VisualStudioVersion = 14.0.25420.1
MinimumVisualStudioVersion = 10.0.40219.1
Project("{FAE04EC0-301F-11D3-BF4B-00C04F79EFBC}") = "BlockchainMonitor.WebUI", "BlockchainMonitor.WebUI\BlockchainMonitor.WebUI.csproj", "{D82DDA25-4D37-49D3-8ED3-7CE7BBA6AB93}"
EndProject
Project("{FAE04EC0-301F-11D3-BF4B-00C04F79EFBC}") = "BlockchainMonitor.UnitTest", "BlockchainMonitor.UnitTest\BlockchainMonitor.UnitTest.csproj", "{95B39BFA-1BFF-4429-ACCA-0ABBD3F614C6}"
EndProject
Project("{FAE04EC0-301F-11D3-BF4B-00C04F79EFBC}") = "BlockchainMonitor.DataCollector", "BlockchainMonitor.DataCollector\BlockchainMonitor.DataCollector.csproj", "{8D538566-4A24-4304-8840-DB5336B56B8A}"
EndProject
Project("{FAE04EC0-301F-11D3-BF4B-00C04F79EFBC}") = "BlockchainMonitor.DataAggregator", "BlockchainMonitor.DataAggregator\BlockchainMonitor.DataAggregator.csproj", "{EEB8E2F7-FEB0-4761-B742-EE6B6B25AC2C}"
EndProject
Project("{FAE04EC0-301F-11D3-BF4B-00C04F79EFBC}") = "BlockchainMonitor.DataModels", "BlockchainMonitor.DataModels\BlockchainMonitor.DataModels.csproj", "{DBAFDEEF-9C79-458D-BEF5-BA6E9401C902}"
EndProject
Project("{FAE04EC0-301F-11D3-BF4B-00C04F79EFBC}") = "BlockchainMonitor.DataAccess", "BlockchainMonitor.DataAccess\BlockchainMonitor.DataAccess.csproj", "{C7AD0005-4194-4F57-9E23-E9A0A7417A8D}"
EndProject
Project("{FAE04EC0-301F-11D3-BF4B-00C04F79EFBC}") = "BlockchainMonitor.Infrastructure", "BlockchainMonitor.Infrastructure\BlockchainMonitor.Infrastructure.csproj", "{58CC4DA9-CE67-4095-9117-C6B06B428EA9}"
EndProject
Project("{FAE04EC0-301F-11D3-BF4B-00C04F79EFBC}") = "BlockchainMonitor.RedisClient", "BlockchainMonitor.RedisClient\BlockchainMonitor.RedisClient.csproj", "{A2BD28CB-E551-412D-A37C-4DDA4CCF2947}"
EndProject
Project("{FAE04EC0-301F-11D3-BF4B-00C04F79EFBC}") = "RedisTestConsoleApp", "RedisTestConsoleApp\RedisTestConsoleApp.csproj", "{0680C605-A81E-4099-9D10-1B78F2873AAC}"
EndProject
Project("{FAE04EC0-301F-11D3-BF4B-00C04F79EFBC}") = "BlockchainMonitor.RabbitClient", "BlockchainMonitor.RabbitClient\BlockchainMonitor.RabbitClient.csproj", "{A0803051-3A88-4B19-A4B7-7EF96861EADA}"
EndProject
Project("{FAE04EC0-301F-11D3-BF4B-00C04F79EFBC}") = "BlockchainMonitor.Tests", "BlockchainMonitor.Tests\BlockchainMonitor.Tests.csproj", "{01F45DE1-7070-4B77-9975-C4FB6FA8EB5E}"
EndProject
Global
	GlobalSection(SolutionConfigurationPlatforms) = preSolution
		Debug|Any CPU = Debug|Any CPU
		Release|Any CPU = Release|Any CPU
	EndGlobalSection
	GlobalSection(ProjectConfigurationPlatforms) = postSolution
		{D82DDA25-4D37-49D3-8ED3-7CE7BBA6AB93}.Debug|Any CPU.ActiveCfg = Debug|Any CPU
		{D82DDA25-4D37-49D3-8ED3-7CE7BBA6AB93}.Debug|Any CPU.Build.0 = Debug|Any CPU
		{D82DDA25-4D37-49D3-8ED3-7CE7BBA6AB93}.Release|Any CPU.ActiveCfg = Release|Any CPU
		{D82DDA25-4D37-49D3-8ED3-7CE7BBA6AB93}.Release|Any CPU.Build.0 = Release|Any CPU
		{95B39BFA-1BFF-4429-ACCA-0ABBD3F614C6}.Debug|Any CPU.ActiveCfg = Debug|Any CPU
		{95B39BFA-1BFF-4429-ACCA-0ABBD3F614C6}.Debug|Any CPU.Build.0 = Debug|Any CPU
		{95B39BFA-1BFF-4429-ACCA-0ABBD3F614C6}.Release|Any CPU.ActiveCfg = Release|Any CPU
		{95B39BFA-1BFF-4429-ACCA-0ABBD3F614C6}.Release|Any CPU.Build.0 = Release|Any CPU
		{8D538566-4A24-4304-8840-DB5336B56B8A}.Debug|Any CPU.ActiveCfg = Debug|Any CPU
		{8D538566-4A24-4304-8840-DB5336B56B8A}.Debug|Any CPU.Build.0 = Debug|Any CPU
		{8D538566-4A24-4304-8840-DB5336B56B8A}.Release|Any CPU.ActiveCfg = Release|Any CPU
		{8D538566-4A24-4304-8840-DB5336B56B8A}.Release|Any CPU.Build.0 = Release|Any CPU
		{EEB8E2F7-FEB0-4761-B742-EE6B6B25AC2C}.Debug|Any CPU.ActiveCfg = Debug|Any CPU
		{EEB8E2F7-FEB0-4761-B742-EE6B6B25AC2C}.Debug|Any CPU.Build.0 = Debug|Any CPU
		{EEB8E2F7-FEB0-4761-B742-EE6B6B25AC2C}.Release|Any CPU.ActiveCfg = Release|Any CPU
		{EEB8E2F7-FEB0-4761-B742-EE6B6B25AC2C}.Release|Any CPU.Build.0 = Release|Any CPU
		{DBAFDEEF-9C79-458D-BEF5-BA6E9401C902}.Debug|Any CPU.ActiveCfg = Debug|Any CPU
		{DBAFDEEF-9C79-458D-BEF5-BA6E9401C902}.Debug|Any CPU.Build.0 = Debug|Any CPU
		{DBAFDEEF-9C79-458D-BEF5-BA6E9401C902}.Release|Any CPU.ActiveCfg = Release|Any CPU
		{DBAFDEEF-9C79-458D-BEF5-BA6E9401C902}.Release|Any CPU.Build.0 = Release|Any CPU
		{C7AD0005-4194-4F57-9E23-E9A0A7417A8D}.Debug|Any CPU.ActiveCfg = Debug|Any CPU
		{C7AD0005-4194-4F57-9E23-E9A0A7417A8D}.Debug|Any CPU.Build.0 = Debug|Any CPU
		{C7AD0005-4194-4F57-9E23-E9A0A7417A8D}.Release|Any CPU.ActiveCfg = Release|Any CPU
		{C7AD0005-4194-4F57-9E23-E9A0A7417A8D}.Release|Any CPU.Build.0 = Release|Any CPU
		{58CC4DA9-CE67-4095-9117-C6B06B428EA9}.Debug|Any CPU.ActiveCfg = Debug|Any CPU
		{58CC4DA9-CE67-4095-9117-C6B06B428EA9}.Debug|Any CPU.Build.0 = Debug|Any CPU
		{58CC4DA9-CE67-4095-9117-C6B06B428EA9}.Release|Any CPU.ActiveCfg = Release|Any CPU
		{58CC4DA9-CE67-4095-9117-C6B06B428EA9}.Release|Any CPU.Build.0 = Release|Any CPU
		{A2BD28CB-E551-412D-A37C-4DDA4CCF2947}.Debug|Any CPU.ActiveCfg = Debug|Any CPU
		{A2BD28CB-E551-412D-A37C-4DDA4CCF2947}.Debug|Any CPU.Build.0 = Debug|Any CPU
		{A2BD28CB-E551-412D-A37C-4DDA4CCF2947}.Release|Any CPU.ActiveCfg = Release|Any CPU
		{A2BD28CB-E551-412D-A37C-4DDA4CCF2947}.Release|Any CPU.Build.0 = Release|Any CPU
		{0680C605-A81E-4099-9D10-1B78F2873AAC}.Debug|Any CPU.ActiveCfg = Debug|Any CPU
		{0680C605-A81E-4099-9D10-1B78F2873AAC}.Debug|Any CPU.Build.0 = Debug|Any CPU
		{0680C605-A81E-4099-9D10-1B78F2873AAC}.Release|Any CPU.ActiveCfg = Release|Any CPU
		{0680C605-A81E-4099-9D10-1B78F2873AAC}.Release|Any CPU.Build.0 = Release|Any CPU
		{A0803051-3A88-4B19-A4B7-7EF96861EADA}.Debug|Any CPU.ActiveCfg = Debug|Any CPU
		{A0803051-3A88-4B19-A4B7-7EF96861EADA}.Debug|Any CPU.Build.0 = Debug|Any CPU
		{A0803051-3A88-4B19-A4B7-7EF96861EADA}.Release|Any CPU.ActiveCfg = Release|Any CPU
		{A0803051-3A88-4B19-A4B7-7EF96861EADA}.Release|Any CPU.Build.0 = Release|Any CPU
		{01F45DE1-7070-4B77-9975-C4FB6FA8EB5E}.Debug|Any CPU.ActiveCfg = Debug|Any CPU
		{01F45DE1-7070-4B77-9975-C4FB6FA8EB5E}.Debug|Any CPU.Build.0 = Debug|Any CPU
		{01F45DE1-7070-4B77-9975-C4FB6FA8EB5E}.Release|Any CPU.ActiveCfg = Release|Any CPU
		{01F45DE1-7070-4B77-9975-C4FB6FA8EB5E}.Release|Any CPU.Build.0 = Release|Any CPU
	EndGlobalSection
	GlobalSection(SolutionProperties) = preSolution
		HideSolutionNode = FALSE
	EndGlobalSection
EndGlobal
